
Microsoft Visual Studio Solution File, Format Version 12.00
# Visual Studio Version 16
VisualStudioVersion = 25.0.1704.2
MinimumVisualStudioVersion = 10.0.40219.1
Project("{FAE04EC0-301F-11D3-BF4B-00C04F79EFBC}") = "GradingApp", "GradingApp\GradingApp.csproj", "{9BD89439-04F5-4711-B0CA-AD2B0486EE98}"
EndProject
Global
	GlobalSection(SolutionConfigurationPlatforms) = preSolution
		Debug|Any CPU = Debug|Any CPU
		Release|Any CPU = Release|Any CPU
	EndGlobalSection
	GlobalSection(ProjectConfigurationPlatforms) = postSolution
		{9BD89439-04F5-4711-B0CA-AD2B0486EE98}.Debug|Any CPU.ActiveCfg = Debug|Any CPU
		{9BD89439-04F5-4711-B0CA-AD2B0486EE98}.Debug|Any CPU.Build.0 = Debug|Any CPU
		{9BD89439-04F5-4711-B0CA-AD2B0486EE98}.Release|Any CPU.ActiveCfg = Release|Any CPU
		{9BD89439-04F5-4711-B0CA-AD2B0486EE98}.Release|Any CPU.Build.0 = Release|Any CPU
	EndGlobalSection
	GlobalSection(SolutionProperties) = preSolution
		HideSolutionNode = FALSE
	EndGlobalSection
	GlobalSection(ExtensibilityGlobals) = postSolution
		SolutionGuid = {22F5CF9C-A4A5-4354-8274-2B7EE1F75BCE}
	EndGlobalSection
EndGlobal
