
Microsoft Visual Studio Solution File, Format Version 12.00
# Visual Studio Version 16
VisualStudioVersion = 25.0.1704.5
MinimumVisualStudioVersion = 10.0.40219.1
Project("{FAE04EC0-301F-11D3-BF4B-00C04F79EFBC}") = "Week8Project", "Week8Project\Week8Project.csproj", "{C16EA2A0-4ED2-4B36-865F-FA9B206047BC}"
EndProject
Global
	GlobalSection(SolutionConfigurationPlatforms) = preSolution
		Debug|Any CPU = Debug|Any CPU
		Release|Any CPU = Release|Any CPU
	EndGlobalSection
	GlobalSection(ProjectConfigurationPlatforms) = postSolution
		{C16EA2A0-4ED2-4B36-865F-FA9B206047BC}.Debug|Any CPU.ActiveCfg = Debug|Any CPU
		{C16EA2A0-4ED2-4B36-865F-FA9B206047BC}.Debug|Any CPU.Build.0 = Debug|Any CPU
		{C16EA2A0-4ED2-4B36-865F-FA9B206047BC}.Release|Any CPU.ActiveCfg = Release|Any CPU
		{C16EA2A0-4ED2-4B36-865F-FA9B206047BC}.Release|Any CPU.Build.0 = Release|Any CPU
	EndGlobalSection
	GlobalSection(SolutionProperties) = preSolution
		HideSolutionNode = FALSE
	EndGlobalSection
	GlobalSection(ExtensibilityGlobals) = postSolution
		SolutionGuid = {B8F15719-92EA-4262-A251-46BDCC33568E}
	EndGlobalSection
EndGlobal
